
Microsoft Visual Studio Solution File, Format Version 12.00
# Visual Studio Version 16
VisualStudioVersion = 16.0.31702.278
MinimumVisualStudioVersion = 10.0.40219.1
Project("{FAE04EC0-301F-11D3-BF4B-00C04F79EFBC}") = "3tierTASK", "3tierTASK.csproj", "{6A38A76C-9242-4B7E-B05D-49A6897EC586}"
EndProject
Project("{FAE04EC0-301F-11D3-BF4B-00C04F79EFBC}") = "DAL", "..\DAL\DAL.csproj", "{B639276C-2AE8-4964-8583-D025684A7EBB}"
EndProject
Project("{FAE04EC0-301F-11D3-BF4B-00C04F79EFBC}") = "BLL", "..\BLL\BLL.csproj", "{0696D70F-7D02-4DD9-B5FD-C6ECA04D79B4}"
EndProject
Project("{FAE04EC0-301F-11D3-BF4B-00C04F79EFBC}") = "AppProps", "..\AppProps\AppProps.csproj", "{3044577E-8212-4857-80B3-569D037A7796}"
EndProject
Global
	GlobalSection(SolutionConfigurationPlatforms) = preSolution
		Debug|Any CPU = Debug|Any CPU
		Release|Any CPU = Release|Any CPU
	EndGlobalSection
	GlobalSection(ProjectConfigurationPlatforms) = postSolution
		{6A38A76C-9242-4B7E-B05D-49A6897EC586}.Debug|Any CPU.ActiveCfg = Debug|Any CPU
		{6A38A76C-9242-4B7E-B05D-49A6897EC586}.Debug|Any CPU.Build.0 = Debug|Any CPU
		{6A38A76C-9242-4B7E-B05D-49A6897EC586}.Release|Any CPU.ActiveCfg = Release|Any CPU
		{6A38A76C-9242-4B7E-B05D-49A6897EC586}.Release|Any CPU.Build.0 = Release|Any CPU
		{B639276C-2AE8-4964-8583-D025684A7EBB}.Debug|Any CPU.ActiveCfg = Debug|Any CPU
		{B639276C-2AE8-4964-8583-D025684A7EBB}.Debug|Any CPU.Build.0 = Debug|Any CPU
		{B639276C-2AE8-4964-8583-D025684A7EBB}.Release|Any CPU.ActiveCfg = Release|Any CPU
		{B639276C-2AE8-4964-8583-D025684A7EBB}.Release|Any CPU.Build.0 = Release|Any CPU
		{0696D70F-7D02-4DD9-B5FD-C6ECA04D79B4}.Debug|Any CPU.ActiveCfg = Debug|Any CPU
		{0696D70F-7D02-4DD9-B5FD-C6ECA04D79B4}.Debug|Any CPU.Build.0 = Debug|Any CPU
		{0696D70F-7D02-4DD9-B5FD-C6ECA04D79B4}.Release|Any CPU.ActiveCfg = Release|Any CPU
		{0696D70F-7D02-4DD9-B5FD-C6ECA04D79B4}.Release|Any CPU.Build.0 = Release|Any CPU
		{3044577E-8212-4857-80B3-569D037A7796}.Debug|Any CPU.ActiveCfg = Debug|Any CPU
		{3044577E-8212-4857-80B3-569D037A7796}.Debug|Any CPU.Build.0 = Debug|Any CPU
		{3044577E-8212-4857-80B3-569D037A7796}.Release|Any CPU.ActiveCfg = Release|Any CPU
		{3044577E-8212-4857-80B3-569D037A7796}.Release|Any CPU.Build.0 = Release|Any CPU
	EndGlobalSection
	GlobalSection(SolutionProperties) = preSolution
		HideSolutionNode = FALSE
	EndGlobalSection
	GlobalSection(ExtensibilityGlobals) = postSolution
		SolutionGuid = {96B38CFB-56F7-49C1-BFFC-657D3AE91188}
	EndGlobalSection
EndGlobal
